
Microsoft Visual Studio Solution File, Format Version 12.00
# Visual Studio Version 16
VisualStudioVersion = 16.0.31410.357
MinimumVisualStudioVersion = 10.0.40219.1
Project("{FAE04EC0-301F-11D3-BF4B-00C04F79EFBC}") = "AlgorithmPrograms", "AlgorithmPrograms\AlgorithmPrograms.csproj", "{74BB339F-EC18-4576-9986-2E23C4A669C1}"
EndProject
Global
	GlobalSection(SolutionConfigurationPlatforms) = preSolution
		Debug|Any CPU = Debug|Any CPU
		Release|Any CPU = Release|Any CPU
	EndGlobalSection
	GlobalSection(ProjectConfigurationPlatforms) = postSolution
		{74BB339F-EC18-4576-9986-2E23C4A669C1}.Debug|Any CPU.ActiveCfg = Debug|Any CPU
		{74BB339F-EC18-4576-9986-2E23C4A669C1}.Debug|Any CPU.Build.0 = Debug|Any CPU
		{74BB339F-EC18-4576-9986-2E23C4A669C1}.Release|Any CPU.ActiveCfg = Release|Any CPU
		{74BB339F-EC18-4576-9986-2E23C4A669C1}.Release|Any CPU.Build.0 = Release|Any CPU
	EndGlobalSection
	GlobalSection(SolutionProperties) = preSolution
		HideSolutionNode = FALSE
	EndGlobalSection
	GlobalSection(ExtensibilityGlobals) = postSolution
		SolutionGuid = {62CE0332-2C07-4BA8-960A-23C14A0B68C6}
	EndGlobalSection
EndGlobal
